
Microsoft Visual Studio Solution File, Format Version 12.00
# Visual Studio 2012
Project("{2150E333-8FDC-42A3-9474-1A3956D46DE8}") = "config", "config", "{E95C2C5B-927C-4D3C-849F-348268C68125}"
	ProjectSection(SolutionItems) = preProject
		.gitattributes = .gitattributes
		.gitignore = .gitignore
		CONTRIBUTING.md = CONTRIBUTING.md
		LICENSE = LICENSE
		README.md = README.md
	EndProjectSection
EndProject
Project("{FAE04EC0-301F-11D3-BF4B-00C04F79EFBC}") = "AE.Http.Proxy", "src\AE.Http.Proxy\AE.Http.Proxy.csproj", "{1166D6CE-32B8-4EFA-8550-4D5AF9F83615}"
EndProject
Project("{2150E333-8FDC-42A3-9474-1A3956D46DE8}") = "src", "src", "{708737E7-1E31-45DF-AD04-72EFECD49478}"
EndProject
Project("{2150E333-8FDC-42A3-9474-1A3956D46DE8}") = "test", "test", "{2ACD0B8F-32BD-4974-9BF4-B4177E5E43C2}"
EndProject
Project("{FAE04EC0-301F-11D3-BF4B-00C04F79EFBC}") = "AE.Http.Proxy.Test", "test\AE.Http.Proxy.Test\AE.Http.Proxy.Test.csproj", "{46917BE8-6FE6-4DCB-BED4-D5A1F9D57961}"
EndProject
Global
	GlobalSection(SolutionConfigurationPlatforms) = preSolution
		Debug|Any CPU = Debug|Any CPU
		Release|Any CPU = Release|Any CPU
	EndGlobalSection
	GlobalSection(ProjectConfigurationPlatforms) = postSolution
		{1166D6CE-32B8-4EFA-8550-4D5AF9F83615}.Debug|Any CPU.ActiveCfg = Debug|Any CPU
		{1166D6CE-32B8-4EFA-8550-4D5AF9F83615}.Debug|Any CPU.Build.0 = Debug|Any CPU
		{1166D6CE-32B8-4EFA-8550-4D5AF9F83615}.Release|Any CPU.ActiveCfg = Release|Any CPU
		{1166D6CE-32B8-4EFA-8550-4D5AF9F83615}.Release|Any CPU.Build.0 = Release|Any CPU
		{46917BE8-6FE6-4DCB-BED4-D5A1F9D57961}.Debug|Any CPU.ActiveCfg = Debug|Any CPU
		{46917BE8-6FE6-4DCB-BED4-D5A1F9D57961}.Debug|Any CPU.Build.0 = Debug|Any CPU
		{46917BE8-6FE6-4DCB-BED4-D5A1F9D57961}.Release|Any CPU.ActiveCfg = Release|Any CPU
		{46917BE8-6FE6-4DCB-BED4-D5A1F9D57961}.Release|Any CPU.Build.0 = Release|Any CPU
	EndGlobalSection
	GlobalSection(SolutionProperties) = preSolution
		HideSolutionNode = FALSE
	EndGlobalSection
	GlobalSection(NestedProjects) = preSolution
		{1166D6CE-32B8-4EFA-8550-4D5AF9F83615} = {708737E7-1E31-45DF-AD04-72EFECD49478}
		{46917BE8-6FE6-4DCB-BED4-D5A1F9D57961} = {2ACD0B8F-32BD-4974-9BF4-B4177E5E43C2}
	EndGlobalSection
EndGlobal
