
Microsoft Visual Studio Solution File, Format Version 12.00
# Visual Studio 2012
Project("{2150E333-8FDC-42A3-9474-1A3956D46DE8}") = "config", "config", "{E95C2C5B-927C-4D3C-849F-348268C68125}"
	ProjectSection(SolutionItems) = preProject
		.gitattributes = .gitattributes
		.gitignore = .gitignore
		appveyor.yml = appveyor.yml
		CONTRIBUTING.md = CONTRIBUTING.md
		LICENSE = LICENSE
		README.md = README.md
	EndProjectSection
EndProject
Project("{FAE04EC0-301F-11D3-BF4B-00C04F79EFBC}") = "AE.Http.Proxy", "src\AE.Http.Proxy\AE.Http.Proxy.csproj", "{1166D6CE-32B8-4EFA-8550-4D5AF9F83615}"
EndProject
Project("{2150E333-8FDC-42A3-9474-1A3956D46DE8}") = "src", "src", "{708737E7-1E31-45DF-AD04-72EFECD49478}"
EndProject
Project("{2150E333-8FDC-42A3-9474-1A3956D46DE8}") = "test", "test", "{2ACD0B8F-32BD-4974-9BF4-B4177E5E43C2}"
EndProject
Project("{FAE04EC0-301F-11D3-BF4B-00C04F79EFBC}") = "AE.Http.Proxy.Test", "test\AE.Http.Proxy.Test\AE.Http.Proxy.Test.csproj", "{46917BE8-6FE6-4DCB-BED4-D5A1F9D57961}"
EndProject
Project("{FAE04EC0-301F-11D3-BF4B-00C04F79EFBC}") = "AE.Http.Proxy.Abstractions", "src\AE.Http.Proxy.Abstractions\AE.Http.Proxy.Abstractions.csproj", "{D31C29FE-E02A-42D9-BFCA-FD3AFB8C5CE4}"
EndProject
Project("{FAE04EC0-301F-11D3-BF4B-00C04F79EFBC}") = "AE.Http.Proxy.Integration.OWIN", "src\AE.Http.Proxy.Integration.OWIN\AE.Http.Proxy.Integration.OWIN.csproj", "{FEED0365-1FC2-42BD-9C13-A8C0D7C178AC}"
EndProject
Project("{2150E333-8FDC-42A3-9474-1A3956D46DE8}") = "integration", "integration", "{D1442E45-FD9A-4B1A-B4CB-E4EB1B9B401D}"
EndProject
Project("{FAE04EC0-301F-11D3-BF4B-00C04F79EFBC}") = "AE.Http.Proxy.Integration.RestSharp", "src\AE.Http.Proxy.Integration.RestSharp\AE.Http.Proxy.Integration.RestSharp.csproj", "{6E9D41A2-8382-440C-ACFC-59CFE9232FCE}"
EndProject
Project("{FAE04EC0-301F-11D3-BF4B-00C04F79EFBC}") = "AE.Http.Proxy.Integration.Autofac", "src\AE.Http.Proxy.Integration.Autofac\AE.Http.Proxy.Integration.Autofac.csproj", "{C6AF4A8B-B670-44CC-9B73-419107BB60F1}"
EndProject
Global
	GlobalSection(SolutionConfigurationPlatforms) = preSolution
		Debug|Any CPU = Debug|Any CPU
		Release|Any CPU = Release|Any CPU
	EndGlobalSection
	GlobalSection(ProjectConfigurationPlatforms) = postSolution
		{1166D6CE-32B8-4EFA-8550-4D5AF9F83615}.Debug|Any CPU.ActiveCfg = Debug|Any CPU
		{1166D6CE-32B8-4EFA-8550-4D5AF9F83615}.Debug|Any CPU.Build.0 = Debug|Any CPU
		{1166D6CE-32B8-4EFA-8550-4D5AF9F83615}.Release|Any CPU.ActiveCfg = Release|Any CPU
		{1166D6CE-32B8-4EFA-8550-4D5AF9F83615}.Release|Any CPU.Build.0 = Release|Any CPU
		{46917BE8-6FE6-4DCB-BED4-D5A1F9D57961}.Debug|Any CPU.ActiveCfg = Debug|Any CPU
		{46917BE8-6FE6-4DCB-BED4-D5A1F9D57961}.Debug|Any CPU.Build.0 = Debug|Any CPU
		{46917BE8-6FE6-4DCB-BED4-D5A1F9D57961}.Release|Any CPU.ActiveCfg = Release|Any CPU
		{46917BE8-6FE6-4DCB-BED4-D5A1F9D57961}.Release|Any CPU.Build.0 = Release|Any CPU
		{D31C29FE-E02A-42D9-BFCA-FD3AFB8C5CE4}.Debug|Any CPU.ActiveCfg = Debug|Any CPU
		{D31C29FE-E02A-42D9-BFCA-FD3AFB8C5CE4}.Debug|Any CPU.Build.0 = Debug|Any CPU
		{D31C29FE-E02A-42D9-BFCA-FD3AFB8C5CE4}.Release|Any CPU.ActiveCfg = Release|Any CPU
		{D31C29FE-E02A-42D9-BFCA-FD3AFB8C5CE4}.Release|Any CPU.Build.0 = Release|Any CPU
		{FEED0365-1FC2-42BD-9C13-A8C0D7C178AC}.Debug|Any CPU.ActiveCfg = Debug|Any CPU
		{FEED0365-1FC2-42BD-9C13-A8C0D7C178AC}.Debug|Any CPU.Build.0 = Debug|Any CPU
		{FEED0365-1FC2-42BD-9C13-A8C0D7C178AC}.Release|Any CPU.ActiveCfg = Release|Any CPU
		{FEED0365-1FC2-42BD-9C13-A8C0D7C178AC}.Release|Any CPU.Build.0 = Release|Any CPU
		{6E9D41A2-8382-440C-ACFC-59CFE9232FCE}.Debug|Any CPU.ActiveCfg = Debug|Any CPU
		{6E9D41A2-8382-440C-ACFC-59CFE9232FCE}.Debug|Any CPU.Build.0 = Debug|Any CPU
		{6E9D41A2-8382-440C-ACFC-59CFE9232FCE}.Release|Any CPU.ActiveCfg = Release|Any CPU
		{6E9D41A2-8382-440C-ACFC-59CFE9232FCE}.Release|Any CPU.Build.0 = Release|Any CPU
		{C6AF4A8B-B670-44CC-9B73-419107BB60F1}.Debug|Any CPU.ActiveCfg = Debug|Any CPU
		{C6AF4A8B-B670-44CC-9B73-419107BB60F1}.Debug|Any CPU.Build.0 = Debug|Any CPU
		{C6AF4A8B-B670-44CC-9B73-419107BB60F1}.Release|Any CPU.ActiveCfg = Release|Any CPU
		{C6AF4A8B-B670-44CC-9B73-419107BB60F1}.Release|Any CPU.Build.0 = Release|Any CPU
	EndGlobalSection
	GlobalSection(SolutionProperties) = preSolution
		HideSolutionNode = FALSE
	EndGlobalSection
	GlobalSection(NestedProjects) = preSolution
		{1166D6CE-32B8-4EFA-8550-4D5AF9F83615} = {708737E7-1E31-45DF-AD04-72EFECD49478}
		{D31C29FE-E02A-42D9-BFCA-FD3AFB8C5CE4} = {708737E7-1E31-45DF-AD04-72EFECD49478}
		{D1442E45-FD9A-4B1A-B4CB-E4EB1B9B401D} = {708737E7-1E31-45DF-AD04-72EFECD49478}
		{46917BE8-6FE6-4DCB-BED4-D5A1F9D57961} = {2ACD0B8F-32BD-4974-9BF4-B4177E5E43C2}
		{FEED0365-1FC2-42BD-9C13-A8C0D7C178AC} = {D1442E45-FD9A-4B1A-B4CB-E4EB1B9B401D}
		{6E9D41A2-8382-440C-ACFC-59CFE9232FCE} = {D1442E45-FD9A-4B1A-B4CB-E4EB1B9B401D}
		{C6AF4A8B-B670-44CC-9B73-419107BB60F1} = {D1442E45-FD9A-4B1A-B4CB-E4EB1B9B401D}
	EndGlobalSection
EndGlobal
